
Microsoft Visual Studio Solution File, Format Version 11.00
# Visual Studio 2010
Project("{FAE04EC0-301F-11D3-BF4B-00C04F79EFBC}") = "CloudberryKingdomXBLA", "Cloudberry Kingdom\CloudberryKingdomXBLA.csproj", "{D5EA29E7-D329-463B-A839-8BB7B4602BFC}"
EndProject
Project("{FAE04EC0-301F-11D3-BF4B-00C04F79EFBC}") = "Content", "Cloudberry Kingdom\Content\Content.contentproj", "{CE0C1B81-ECEF-490F-933A-E4E696B5E486}"
EndProject
Global
	GlobalSection(SolutionConfigurationPlatforms) = preSolution
		Debug|Any CPU = Debug|Any CPU
		Debug|Mixed Platforms = Debug|Mixed Platforms
		Debug|x86 = Debug|x86
		Debug|Xbox 360 = Debug|Xbox 360
		Debug|XDK = Debug|XDK
		Editor|Any CPU = Editor|Any CPU
		Editor|Mixed Platforms = Editor|Mixed Platforms
		Editor|x86 = Editor|x86
		Editor|Xbox 360 = Editor|Xbox 360
		Editor|XDK = Editor|XDK
		Profile|Any CPU = Profile|Any CPU
		Profile|Mixed Platforms = Profile|Mixed Platforms
		Profile|x86 = Profile|x86
		Profile|Xbox 360 = Profile|Xbox 360
		Profile|XDK = Profile|XDK
		Release|Any CPU = Release|Any CPU
		Release|Mixed Platforms = Release|Mixed Platforms
		Release|x86 = Release|x86
		Release|Xbox 360 = Release|Xbox 360
		Release|XDK = Release|XDK
		Submission|Any CPU = Submission|Any CPU
		Submission|Mixed Platforms = Submission|Mixed Platforms
		Submission|x86 = Submission|x86
		Submission|Xbox 360 = Submission|Xbox 360
		Submission|XDK = Submission|XDK
	EndGlobalSection
	GlobalSection(ProjectConfigurationPlatforms) = postSolution
		{D5EA29E7-D329-463B-A839-8BB7B4602BFC}.Debug|Any CPU.ActiveCfg = Debug|XDK
		{D5EA29E7-D329-463B-A839-8BB7B4602BFC}.Debug|Mixed Platforms.ActiveCfg = Debug|XDK
		{D5EA29E7-D329-463B-A839-8BB7B4602BFC}.Debug|Mixed Platforms.Build.0 = Debug|XDK
		{D5EA29E7-D329-463B-A839-8BB7B4602BFC}.Debug|Mixed Platforms.Deploy.0 = Debug|XDK
		{D5EA29E7-D329-463B-A839-8BB7B4602BFC}.Debug|x86.ActiveCfg = Debug|XDK
		{D5EA29E7-D329-463B-A839-8BB7B4602BFC}.Debug|Xbox 360.ActiveCfg = Debug|XDK
		{D5EA29E7-D329-463B-A839-8BB7B4602BFC}.Debug|Xbox 360.Build.0 = Debug|XDK
		{D5EA29E7-D329-463B-A839-8BB7B4602BFC}.Debug|XDK.ActiveCfg = Debug|XDK
		{D5EA29E7-D329-463B-A839-8BB7B4602BFC}.Debug|XDK.Build.0 = Debug|XDK
		{D5EA29E7-D329-463B-A839-8BB7B4602BFC}.Debug|XDK.Deploy.0 = Debug|XDK
		{D5EA29E7-D329-463B-A839-8BB7B4602BFC}.Editor|Any CPU.ActiveCfg = Submission|XDK
		{D5EA29E7-D329-463B-A839-8BB7B4602BFC}.Editor|Mixed Platforms.ActiveCfg = Submission|XDK
		{D5EA29E7-D329-463B-A839-8BB7B4602BFC}.Editor|Mixed Platforms.Build.0 = Submission|XDK
		{D5EA29E7-D329-463B-A839-8BB7B4602BFC}.Editor|x86.ActiveCfg = Submission|XDK
		{D5EA29E7-D329-463B-A839-8BB7B4602BFC}.Editor|Xbox 360.ActiveCfg = Submission|XDK
		{D5EA29E7-D329-463B-A839-8BB7B4602BFC}.Editor|Xbox 360.Build.0 = Submission|XDK
		{D5EA29E7-D329-463B-A839-8BB7B4602BFC}.Editor|XDK.ActiveCfg = Submission|XDK
		{D5EA29E7-D329-463B-A839-8BB7B4602BFC}.Editor|XDK.Build.0 = Submission|XDK
		{D5EA29E7-D329-463B-A839-8BB7B4602BFC}.Profile|Any CPU.ActiveCfg = Profile|XDK
		{D5EA29E7-D329-463B-A839-8BB7B4602BFC}.Profile|Mixed Platforms.ActiveCfg = Profile|XDK
		{D5EA29E7-D329-463B-A839-8BB7B4602BFC}.Profile|Mixed Platforms.Build.0 = Profile|XDK
		{D5EA29E7-D329-463B-A839-8BB7B4602BFC}.Profile|Mixed Platforms.Deploy.0 = Profile|XDK
		{D5EA29E7-D329-463B-A839-8BB7B4602BFC}.Profile|x86.ActiveCfg = Profile|XDK
		{D5EA29E7-D329-463B-A839-8BB7B4602BFC}.Profile|Xbox 360.ActiveCfg = Profile|XDK
		{D5EA29E7-D329-463B-A839-8BB7B4602BFC}.Profile|Xbox 360.Build.0 = Profile|XDK
		{D5EA29E7-D329-463B-A839-8BB7B4602BFC}.Profile|XDK.ActiveCfg = Profile|XDK
		{D5EA29E7-D329-463B-A839-8BB7B4602BFC}.Profile|XDK.Build.0 = Profile|XDK
		{D5EA29E7-D329-463B-A839-8BB7B4602BFC}.Profile|XDK.Deploy.0 = Profile|XDK
		{D5EA29E7-D329-463B-A839-8BB7B4602BFC}.Release|Any CPU.ActiveCfg = Release|XDK
		{D5EA29E7-D329-463B-A839-8BB7B4602BFC}.Release|Mixed Platforms.ActiveCfg = Release|XDK
		{D5EA29E7-D329-463B-A839-8BB7B4602BFC}.Release|Mixed Platforms.Build.0 = Release|XDK
		{D5EA29E7-D329-463B-A839-8BB7B4602BFC}.Release|Mixed Platforms.Deploy.0 = Release|XDK
		{D5EA29E7-D329-463B-A839-8BB7B4602BFC}.Release|x86.ActiveCfg = Release|XDK
		{D5EA29E7-D329-463B-A839-8BB7B4602BFC}.Release|Xbox 360.ActiveCfg = Release|XDK
		{D5EA29E7-D329-463B-A839-8BB7B4602BFC}.Release|Xbox 360.Build.0 = Release|XDK
		{D5EA29E7-D329-463B-A839-8BB7B4602BFC}.Release|XDK.ActiveCfg = Release|XDK
		{D5EA29E7-D329-463B-A839-8BB7B4602BFC}.Release|XDK.Build.0 = Release|XDK
		{D5EA29E7-D329-463B-A839-8BB7B4602BFC}.Release|XDK.Deploy.0 = Release|XDK
		{D5EA29E7-D329-463B-A839-8BB7B4602BFC}.Submission|Any CPU.ActiveCfg = Submission|XDK
		{D5EA29E7-D329-463B-A839-8BB7B4602BFC}.Submission|Mixed Platforms.ActiveCfg = Submission|XDK
		{D5EA29E7-D329-463B-A839-8BB7B4602BFC}.Submission|Mixed Platforms.Build.0 = Submission|XDK
		{D5EA29E7-D329-463B-A839-8BB7B4602BFC}.Submission|x86.ActiveCfg = Submission|XDK
		{D5EA29E7-D329-463B-A839-8BB7B4602BFC}.Submission|Xbox 360.ActiveCfg = Submission|XDK
		{D5EA29E7-D329-463B-A839-8BB7B4602BFC}.Submission|Xbox 360.Build.0 = Submission|XDK
		{D5EA29E7-D329-463B-A839-8BB7B4602BFC}.Submission|XDK.ActiveCfg = Submission|XDK
		{D5EA29E7-D329-463B-A839-8BB7B4602BFC}.Submission|XDK.Build.0 = Submission|XDK
		{CE0C1B81-ECEF-490F-933A-E4E696B5E486}.Debug|Any CPU.ActiveCfg = Debug|x86
		{CE0C1B81-ECEF-490F-933A-E4E696B5E486}.Debug|Mixed Platforms.ActiveCfg = Debug|x86
		{CE0C1B81-ECEF-490F-933A-E4E696B5E486}.Debug|x86.ActiveCfg = Debug|x86
		{CE0C1B81-ECEF-490F-933A-E4E696B5E486}.Debug|Xbox 360.ActiveCfg = Debug|x86
		{CE0C1B81-ECEF-490F-933A-E4E696B5E486}.Debug|XDK.ActiveCfg = Debug|x86
		{CE0C1B81-ECEF-490F-933A-E4E696B5E486}.Editor|Any CPU.ActiveCfg = Editor|x86
		{CE0C1B81-ECEF-490F-933A-E4E696B5E486}.Editor|Mixed Platforms.ActiveCfg = Editor|x86
		{CE0C1B81-ECEF-490F-933A-E4E696B5E486}.Editor|x86.ActiveCfg = Editor|x86
		{CE0C1B81-ECEF-490F-933A-E4E696B5E486}.Editor|Xbox 360.ActiveCfg = Editor|x86
		{CE0C1B81-ECEF-490F-933A-E4E696B5E486}.Editor|XDK.ActiveCfg = Editor|x86
		{CE0C1B81-ECEF-490F-933A-E4E696B5E486}.Profile|Any CPU.ActiveCfg = Editor|x86
		{CE0C1B81-ECEF-490F-933A-E4E696B5E486}.Profile|Mixed Platforms.ActiveCfg = Editor|x86
		{CE0C1B81-ECEF-490F-933A-E4E696B5E486}.Profile|x86.ActiveCfg = Editor|x86
		{CE0C1B81-ECEF-490F-933A-E4E696B5E486}.Profile|Xbox 360.ActiveCfg = Editor|x86
		{CE0C1B81-ECEF-490F-933A-E4E696B5E486}.Profile|XDK.ActiveCfg = Editor|x86
		{CE0C1B81-ECEF-490F-933A-E4E696B5E486}.Release|Any CPU.ActiveCfg = Release|x86
		{CE0C1B81-ECEF-490F-933A-E4E696B5E486}.Release|Mixed Platforms.ActiveCfg = Release|x86
		{CE0C1B81-ECEF-490F-933A-E4E696B5E486}.Release|x86.ActiveCfg = Release|x86
		{CE0C1B81-ECEF-490F-933A-E4E696B5E486}.Release|Xbox 360.ActiveCfg = Release|x86
		{CE0C1B81-ECEF-490F-933A-E4E696B5E486}.Release|XDK.ActiveCfg = Release|x86
		{CE0C1B81-ECEF-490F-933A-E4E696B5E486}.Submission|Any CPU.ActiveCfg = Editor|x86
		{CE0C1B81-ECEF-490F-933A-E4E696B5E486}.Submission|Mixed Platforms.ActiveCfg = Editor|x86
		{CE0C1B81-ECEF-490F-933A-E4E696B5E486}.Submission|x86.ActiveCfg = Editor|x86
		{CE0C1B81-ECEF-490F-933A-E4E696B5E486}.Submission|Xbox 360.ActiveCfg = Editor|x86
		{CE0C1B81-ECEF-490F-933A-E4E696B5E486}.Submission|XDK.ActiveCfg = Editor|x86
	EndGlobalSection
	GlobalSection(SolutionProperties) = preSolution
		HideSolutionNode = FALSE
	EndGlobalSection
EndGlobal
