
Microsoft Visual Studio Solution File, Format Version 11.00
# Visual C# Express 2010
Project("{FAE04EC0-301F-11D3-BF4B-00C04F79EFBC}") = "CloudberryKingdomPC", "Cloudberry Kingdom\CloudberryKingdomPC.csproj", "{7534FCCD-467A-4312-B9A9-47351EF6558B}"
EndProject
Project("{FAE04EC0-301F-11D3-BF4B-00C04F79EFBC}") = "ContentPC", "Cloudberry Kingdom\ContentPC\ContentPC.contentproj", "{CE0C1B81-ECEF-490F-933A-E4E696B5E486}"
EndProject
Global
	GlobalSection(SolutionConfigurationPlatforms) = preSolution
		Debug GC|Mixed Platforms = Debug GC|Mixed Platforms
		Debug GC|x86 = Debug GC|x86
		Debug GC|Xbox 360 = Debug GC|Xbox 360
		Debug|Mixed Platforms = Debug|Mixed Platforms
		Debug|x86 = Debug|x86
		Debug|Xbox 360 = Debug|Xbox 360
		Editor Release|Mixed Platforms = Editor Release|Mixed Platforms
		Editor Release|x86 = Editor Release|x86
		Editor Release|Xbox 360 = Editor Release|Xbox 360
		Object Editor|Mixed Platforms = Object Editor|Mixed Platforms
		Object Editor|x86 = Object Editor|x86
		Object Editor|Xbox 360 = Object Editor|Xbox 360
		PC Debug|Mixed Platforms = PC Debug|Mixed Platforms
		PC Debug|x86 = PC Debug|x86
		PC Debug|Xbox 360 = PC Debug|Xbox 360
		PC Release|Mixed Platforms = PC Release|Mixed Platforms
		PC Release|x86 = PC Release|x86
		PC Release|Xbox 360 = PC Release|Xbox 360
		Release|Mixed Platforms = Release|Mixed Platforms
		Release|x86 = Release|x86
		Release|Xbox 360 = Release|Xbox 360
	EndGlobalSection
	GlobalSection(ProjectConfigurationPlatforms) = postSolution
		{7534FCCD-467A-4312-B9A9-47351EF6558B}.Debug GC|Mixed Platforms.ActiveCfg = Debug GC|x86
		{7534FCCD-467A-4312-B9A9-47351EF6558B}.Debug GC|x86.ActiveCfg = Debug GC|x86
		{7534FCCD-467A-4312-B9A9-47351EF6558B}.Debug GC|x86.Build.0 = Debug GC|x86
		{7534FCCD-467A-4312-B9A9-47351EF6558B}.Debug GC|Xbox 360.ActiveCfg = Debug GC|x86
		{7534FCCD-467A-4312-B9A9-47351EF6558B}.Debug GC|Xbox 360.Build.0 = Debug GC|x86
		{7534FCCD-467A-4312-B9A9-47351EF6558B}.Debug|Mixed Platforms.ActiveCfg = Debug|x86
		{7534FCCD-467A-4312-B9A9-47351EF6558B}.Debug|Mixed Platforms.Build.0 = Debug|x86
		{7534FCCD-467A-4312-B9A9-47351EF6558B}.Debug|x86.ActiveCfg = Debug|x86
		{7534FCCD-467A-4312-B9A9-47351EF6558B}.Debug|x86.Build.0 = Debug|x86
		{7534FCCD-467A-4312-B9A9-47351EF6558B}.Debug|Xbox 360.ActiveCfg = Debug|x86
		{7534FCCD-467A-4312-B9A9-47351EF6558B}.Debug|Xbox 360.Build.0 = Debug|x86
		{7534FCCD-467A-4312-B9A9-47351EF6558B}.Editor Release|Mixed Platforms.ActiveCfg = Editor Release|x86
		{7534FCCD-467A-4312-B9A9-47351EF6558B}.Editor Release|Mixed Platforms.Build.0 = Editor Release|x86
		{7534FCCD-467A-4312-B9A9-47351EF6558B}.Editor Release|x86.ActiveCfg = Editor Release|x86
		{7534FCCD-467A-4312-B9A9-47351EF6558B}.Editor Release|x86.Build.0 = Editor Release|x86
		{7534FCCD-467A-4312-B9A9-47351EF6558B}.Editor Release|Xbox 360.ActiveCfg = Editor Release|x86
		{7534FCCD-467A-4312-B9A9-47351EF6558B}.Editor Release|Xbox 360.Build.0 = Editor Release|x86
		{7534FCCD-467A-4312-B9A9-47351EF6558B}.Object Editor|Mixed Platforms.ActiveCfg = Editor|x86
		{7534FCCD-467A-4312-B9A9-47351EF6558B}.Object Editor|Mixed Platforms.Build.0 = Editor|x86
		{7534FCCD-467A-4312-B9A9-47351EF6558B}.Object Editor|x86.ActiveCfg = Editor|x86
		{7534FCCD-467A-4312-B9A9-47351EF6558B}.Object Editor|x86.Build.0 = Editor|x86
		{7534FCCD-467A-4312-B9A9-47351EF6558B}.Object Editor|Xbox 360.ActiveCfg = Editor|x86
		{7534FCCD-467A-4312-B9A9-47351EF6558B}.Object Editor|Xbox 360.Build.0 = Editor|x86
		{7534FCCD-467A-4312-B9A9-47351EF6558B}.PC Debug|Mixed Platforms.ActiveCfg = PC Debug|x86
		{7534FCCD-467A-4312-B9A9-47351EF6558B}.PC Debug|Mixed Platforms.Build.0 = PC Debug|x86
		{7534FCCD-467A-4312-B9A9-47351EF6558B}.PC Debug|x86.ActiveCfg = PC Debug|x86
		{7534FCCD-467A-4312-B9A9-47351EF6558B}.PC Debug|x86.Build.0 = PC Debug|x86
		{7534FCCD-467A-4312-B9A9-47351EF6558B}.PC Debug|Xbox 360.ActiveCfg = PC Debug|x86
		{7534FCCD-467A-4312-B9A9-47351EF6558B}.PC Debug|Xbox 360.Build.0 = PC Debug|x86
		{7534FCCD-467A-4312-B9A9-47351EF6558B}.PC Release|Mixed Platforms.ActiveCfg = PC|x86
		{7534FCCD-467A-4312-B9A9-47351EF6558B}.PC Release|Mixed Platforms.Build.0 = PC|x86
		{7534FCCD-467A-4312-B9A9-47351EF6558B}.PC Release|x86.ActiveCfg = PC|x86
		{7534FCCD-467A-4312-B9A9-47351EF6558B}.PC Release|x86.Build.0 = PC|x86
		{7534FCCD-467A-4312-B9A9-47351EF6558B}.PC Release|Xbox 360.ActiveCfg = PC|x86
		{7534FCCD-467A-4312-B9A9-47351EF6558B}.PC Release|Xbox 360.Build.0 = PC|x86
		{7534FCCD-467A-4312-B9A9-47351EF6558B}.Release|Mixed Platforms.ActiveCfg = Release|x86
		{7534FCCD-467A-4312-B9A9-47351EF6558B}.Release|Mixed Platforms.Build.0 = Release|x86
		{7534FCCD-467A-4312-B9A9-47351EF6558B}.Release|x86.ActiveCfg = Release|x86
		{7534FCCD-467A-4312-B9A9-47351EF6558B}.Release|x86.Build.0 = Release|x86
		{7534FCCD-467A-4312-B9A9-47351EF6558B}.Release|Xbox 360.ActiveCfg = Release|x86
		{7534FCCD-467A-4312-B9A9-47351EF6558B}.Release|Xbox 360.Build.0 = Release|x86
		{CE0C1B81-ECEF-490F-933A-E4E696B5E486}.Debug GC|Mixed Platforms.ActiveCfg = Debug|x86
		{CE0C1B81-ECEF-490F-933A-E4E696B5E486}.Debug GC|x86.ActiveCfg = Debug|x86
		{CE0C1B81-ECEF-490F-933A-E4E696B5E486}.Debug GC|Xbox 360.ActiveCfg = Debug|x86
		{CE0C1B81-ECEF-490F-933A-E4E696B5E486}.Debug|Mixed Platforms.ActiveCfg = Debug|x86
		{CE0C1B81-ECEF-490F-933A-E4E696B5E486}.Debug|x86.ActiveCfg = Debug|x86
		{CE0C1B81-ECEF-490F-933A-E4E696B5E486}.Debug|Xbox 360.ActiveCfg = Debug|x86
		{CE0C1B81-ECEF-490F-933A-E4E696B5E486}.Editor Release|Mixed Platforms.ActiveCfg = Release|x86
		{CE0C1B81-ECEF-490F-933A-E4E696B5E486}.Editor Release|x86.ActiveCfg = Release|x86
		{CE0C1B81-ECEF-490F-933A-E4E696B5E486}.Editor Release|Xbox 360.ActiveCfg = Release|x86
		{CE0C1B81-ECEF-490F-933A-E4E696B5E486}.Object Editor|Mixed Platforms.ActiveCfg = Editor|x86
		{CE0C1B81-ECEF-490F-933A-E4E696B5E486}.Object Editor|x86.ActiveCfg = Editor|x86
		{CE0C1B81-ECEF-490F-933A-E4E696B5E486}.Object Editor|Xbox 360.ActiveCfg = Editor|x86
		{CE0C1B81-ECEF-490F-933A-E4E696B5E486}.PC Debug|Mixed Platforms.ActiveCfg = Debug|x86
		{CE0C1B81-ECEF-490F-933A-E4E696B5E486}.PC Debug|x86.ActiveCfg = Debug|x86
		{CE0C1B81-ECEF-490F-933A-E4E696B5E486}.PC Debug|Xbox 360.ActiveCfg = Debug|x86
		{CE0C1B81-ECEF-490F-933A-E4E696B5E486}.PC Release|Mixed Platforms.ActiveCfg = Editor|x86
		{CE0C1B81-ECEF-490F-933A-E4E696B5E486}.PC Release|x86.ActiveCfg = Editor|x86
		{CE0C1B81-ECEF-490F-933A-E4E696B5E486}.PC Release|Xbox 360.ActiveCfg = Editor|x86
		{CE0C1B81-ECEF-490F-933A-E4E696B5E486}.Release|Mixed Platforms.ActiveCfg = Release|x86
		{CE0C1B81-ECEF-490F-933A-E4E696B5E486}.Release|x86.ActiveCfg = Release|x86
		{CE0C1B81-ECEF-490F-933A-E4E696B5E486}.Release|Xbox 360.ActiveCfg = Release|x86
	EndGlobalSection
	GlobalSection(SolutionProperties) = preSolution
		HideSolutionNode = FALSE
	EndGlobalSection
EndGlobal
